
Microsoft Visual Studio Solution File, Format Version 12.00
# Visual Studio Version 16
VisualStudioVersion = 25.0.1705.0
MinimumVisualStudioVersion = 10.0.40219.1
Project("{FAE04EC0-301F-11D3-BF4B-00C04F79EFBC}") = "Alarm.u.iOS", "Alarm.u\Alarm.u.iOS\Alarm.u.iOS.csproj", "{858EAD1D-E399-437F-9AFE-06B43DCCAA99}"
EndProject
Project("{FAE04EC0-301F-11D3-BF4B-00C04F79EFBC}") = "Alarm.u", "Alarm.u\Alarm.u\Alarm.u.csproj", "{561EDE7D-A5C3-4EE6-8696-A00D0C604D56}"
EndProject
Global
	GlobalSection(SolutionConfigurationPlatforms) = preSolution
		Debug|iPhoneSimulator = Debug|iPhoneSimulator
		Release|iPhoneSimulator = Release|iPhoneSimulator
		Debug|iPhone = Debug|iPhone
		Release|iPhone = Release|iPhone
		Debug|Any CPU = Debug|Any CPU
		Release|Any CPU = Release|Any CPU
	EndGlobalSection
	GlobalSection(ProjectConfigurationPlatforms) = postSolution
		{858EAD1D-E399-437F-9AFE-06B43DCCAA99}.Debug|iPhoneSimulator.ActiveCfg = Debug|iPhoneSimulator
		{858EAD1D-E399-437F-9AFE-06B43DCCAA99}.Debug|iPhoneSimulator.Build.0 = Debug|iPhoneSimulator
		{858EAD1D-E399-437F-9AFE-06B43DCCAA99}.Release|iPhoneSimulator.ActiveCfg = Release|iPhoneSimulator
		{858EAD1D-E399-437F-9AFE-06B43DCCAA99}.Release|iPhoneSimulator.Build.0 = Release|iPhoneSimulator
		{858EAD1D-E399-437F-9AFE-06B43DCCAA99}.Debug|iPhone.ActiveCfg = Debug|iPhone
		{858EAD1D-E399-437F-9AFE-06B43DCCAA99}.Debug|iPhone.Build.0 = Debug|iPhone
		{858EAD1D-E399-437F-9AFE-06B43DCCAA99}.Release|iPhone.ActiveCfg = Release|iPhone
		{858EAD1D-E399-437F-9AFE-06B43DCCAA99}.Release|iPhone.Build.0 = Release|iPhone
		{858EAD1D-E399-437F-9AFE-06B43DCCAA99}.Debug|Any CPU.ActiveCfg = Debug|iPhoneSimulator
		{858EAD1D-E399-437F-9AFE-06B43DCCAA99}.Debug|Any CPU.Build.0 = Debug|iPhoneSimulator
		{858EAD1D-E399-437F-9AFE-06B43DCCAA99}.Release|Any CPU.ActiveCfg = Release|iPhoneSimulator
		{858EAD1D-E399-437F-9AFE-06B43DCCAA99}.Release|Any CPU.Build.0 = Release|iPhoneSimulator
		{561EDE7D-A5C3-4EE6-8696-A00D0C604D56}.Debug|iPhoneSimulator.ActiveCfg = Debug|Any CPU
		{561EDE7D-A5C3-4EE6-8696-A00D0C604D56}.Debug|iPhoneSimulator.Build.0 = Debug|Any CPU
		{561EDE7D-A5C3-4EE6-8696-A00D0C604D56}.Release|iPhoneSimulator.ActiveCfg = Release|Any CPU
		{561EDE7D-A5C3-4EE6-8696-A00D0C604D56}.Release|iPhoneSimulator.Build.0 = Release|Any CPU
		{561EDE7D-A5C3-4EE6-8696-A00D0C604D56}.Debug|iPhone.ActiveCfg = Debug|Any CPU
		{561EDE7D-A5C3-4EE6-8696-A00D0C604D56}.Debug|iPhone.Build.0 = Debug|Any CPU
		{561EDE7D-A5C3-4EE6-8696-A00D0C604D56}.Release|iPhone.ActiveCfg = Release|Any CPU
		{561EDE7D-A5C3-4EE6-8696-A00D0C604D56}.Release|iPhone.Build.0 = Release|Any CPU
		{561EDE7D-A5C3-4EE6-8696-A00D0C604D56}.Debug|Any CPU.ActiveCfg = Debug|Any CPU
		{561EDE7D-A5C3-4EE6-8696-A00D0C604D56}.Debug|Any CPU.Build.0 = Debug|Any CPU
		{561EDE7D-A5C3-4EE6-8696-A00D0C604D56}.Release|Any CPU.ActiveCfg = Release|Any CPU
		{561EDE7D-A5C3-4EE6-8696-A00D0C604D56}.Release|Any CPU.Build.0 = Release|Any CPU
	EndGlobalSection
	GlobalSection(SolutionProperties) = preSolution
		HideSolutionNode = FALSE
	EndGlobalSection
	GlobalSection(ExtensibilityGlobals) = postSolution
		SolutionGuid = {181F2277-42FB-4DC9-BFDA-813617198462}
	EndGlobalSection
EndGlobal
